# This file is autogenerated, do not edit; changes may be undone by the next 'dep ensure'.


[[projects]]
  branch = "dev"
  name = "bitbucket.org/GromKri/go-qiwi-service"
  packages = ["model"]
  revision = "6c3053bfbfe120f0120a75b0c5aacabc20055622"

[[projects]]
  branch = "dev"
  name = "github.com/Barrokgl/go-qiwi-wallet-api"
  packages = ["."]
  revision = "6f977f2fa23e00f2481423f8b346f2ef67584aa9"

[[projects]]
  branch = "master"
  name = "github.com/google/go-querystring"
  packages = ["query"]
  revision = "53e6ce116135b80d037921a7fdd5138cf32d7a8a"

[[projects]]
  name = "github.com/jinzhu/gorm"
  packages = ["."]
  revision = "6ed508ec6a4ecb3531899a69cbc746ccf65a4166"
  version = "v1.9.1"

[[projects]]
  branch = "master"
  name = "github.com/jinzhu/inflection"
  packages = ["."]
  revision = "04140366298a54a039076d798123ffa108fff46c"

[[projects]]
  name = "github.com/sirupsen/logrus"
  packages = ["."]
  revision = "c155da19408a8799da419ed3eeb0cb5db0ad5dbc"
  version = "v1.0.5"

[[projects]]
  branch = "master"
  name = "golang.org/x/crypto"
  packages = ["ssh/terminal"]
  revision = "182114d582623c1caa54f73de9c7224e23a48487"

[[projects]]
  branch = "master"
  name = "golang.org/x/net"
  packages = ["proxy"]
  revision = "803fdb99c0f72e493c28ef2099d250a9c989d8ff"

[[projects]]
  branch = "master"
  name = "golang.org/x/sys"
  packages = [
    "unix",
    "windows"
  ]
  revision = "8c0ece68c28377f4c326d85b94f8df0dace46f80"

[solve-meta]
  analyzer-name = "dep"
  analyzer-version = 1
  inputs-digest = "ff3a939a2852abfcb02ae6d12a29326a711a87329eda97b647037c9cca82874a"
  solver-name = "gps-cdcl"
  solver-version = 1
